// !$*UTF8*$!
{
	archiveVersion = 1;
	classes = {
	};
	objectVersion = 46;
	objects = {

/* Begin PBXBuildFile section */
		58EF9E5F1C5F5C66001967D5 /* EmarsysPredictSDK.h in Headers */ = {isa = PBXBuildFile; fileRef = 58EF9E5E1C5F5C66001967D5 /* EmarsysPredictSDK.h */; settings = {ATTRIBUTES = (Public, ); }; };
		990AD0FF1C7DC04C00585731 /* NSString+EmarsysPredictSDKExtensions.m in Sources */ = {isa = PBXBuildFile; fileRef = 990AD0FD1C7DC04C00585731 /* NSString+EmarsysPredictSDKExtensions.m */; };
		991EF8091C92F245006A143A /* EMCommand.m in Sources */ = {isa = PBXBuildFile; fileRef = 991EF8081C92F245006A143A /* EMCommand.m */; };
		991EF80D1C930F15006A143A /* EMExcludeCommand.m in Sources */ = {isa = PBXBuildFile; fileRef = 991EF80C1C930F15006A143A /* EMExcludeCommand.m */; };
		991EF80F1C930F59006A143A /* EMIncludeCommand.m in Sources */ = {isa = PBXBuildFile; fileRef = 991EF80E1C930F59006A143A /* EMIncludeCommand.m */; };
		991EF8141C9317A6006A143A /* EMStringCommand.m in Sources */ = {isa = PBXBuildFile; fileRef = 991EF8131C9317A6006A143A /* EMStringCommand.m */; };
		991EF8161C931833006A143A /* EMSearchTermCommand.m in Sources */ = {isa = PBXBuildFile; fileRef = 991EF8151C931833006A143A /* EMSearchTermCommand.m */; };
		991EF8181C9318C2006A143A /* EMKeywordCommand.m in Sources */ = {isa = PBXBuildFile; fileRef = 991EF8171C9318C2006A143A /* EMKeywordCommand.m */; };
		991EF81B1C931959006A143A /* EMCategoryCommand.m in Sources */ = {isa = PBXBuildFile; fileRef = 991EF81A1C931959006A143A /* EMCategoryCommand.m */; };
		99205E2C1C7AF18E00D3D5CB /* EMCartItem.m in Sources */ = {isa = PBXBuildFile; fileRef = 99205E2B1C7AF18E00D3D5CB /* EMCartItem.m */; };
		99205E2E1C7AF24600D3D5CB /* EMRecommendationResult.m in Sources */ = {isa = PBXBuildFile; fileRef = 99205E2D1C7AF24600D3D5CB /* EMRecommendationResult.m */; };
		99205E301C7AF2C800D3D5CB /* EMRecommendationRequest.m in Sources */ = {isa = PBXBuildFile; fileRef = 99205E2F1C7AF2C800D3D5CB /* EMRecommendationRequest.m */; };
		9924BD751C9961F600538921 /* NSArray+EmarsysPredictSDKExtensions.m in Sources */ = {isa = PBXBuildFile; fileRef = 9924BD741C9961F600538921 /* NSArray+EmarsysPredictSDKExtensions.m */; };
		992EBA4F1C9FDA6400D941CE /* EMIdentifierManager.m in Sources */ = {isa = PBXBuildFile; fileRef = 992EBA4E1C9FDA6400D941CE /* EMIdentifierManager.m */; };
		994496AC1C8D6B5A00F68FB9 /* EMQueryParams.m in Sources */ = {isa = PBXBuildFile; fileRef = 994496AB1C8D6B5A00F68FB9 /* EMQueryParams.m */; };
		994496AF1C8D6C2C00F68FB9 /* EMCartCommand.m in Sources */ = {isa = PBXBuildFile; fileRef = 994496AE1C8D6C2C00F68FB9 /* EMCartCommand.m */; };
		994496B21C8D6C4200F68FB9 /* EMPurchaseCommand.m in Sources */ = {isa = PBXBuildFile; fileRef = 994496B11C8D6C4200F68FB9 /* EMPurchaseCommand.m */; };
		994496B51C8D6E6900F68FB9 /* EMErrorParameter.m in Sources */ = {isa = PBXBuildFile; fileRef = 994496B41C8D6E6900F68FB9 /* EMErrorParameter.m */; };
		994496BE1C8DC2FF00F68FB9 /* EMFilter.m in Sources */ = {isa = PBXBuildFile; fileRef = 994496BD1C8DC2FF00F68FB9 /* EMFilter.m */; };
		99590B0E1C900210008D395C /* EMRecommendationItem.m in Sources */ = {isa = PBXBuildFile; fileRef = 99590B0D1C900210008D395C /* EMRecommendationItem.m */; };
		99590B0F1C900B8D008D395C /* EMRecommendationItem.h in Headers */ = {isa = PBXBuildFile; fileRef = 99590B0C1C900201008D395C /* EMRecommendationItem.h */; settings = {ATTRIBUTES = (Public, ); }; };
		99590B151C9010D1008D395C /* EMViewCommand.m in Sources */ = {isa = PBXBuildFile; fileRef = 99590B141C9010D1008D395C /* EMViewCommand.m */; };
		996017181C9A9CAD0043F9A2 /* EMRecommendCommand.m in Sources */ = {isa = PBXBuildFile; fileRef = 996017171C9A9CAD0043F9A2 /* EMRecommendCommand.m */; };
		997E1E4A1C84285500199C55 /* EMSession.m in Sources */ = {isa = PBXBuildFile; fileRef = 997E1E491C84285500199C55 /* EMSession.m */; };
		997E1E4D1C842A7800199C55 /* EMTransaction.m in Sources */ = {isa = PBXBuildFile; fileRef = 997E1E4C1C842A7800199C55 /* EMTransaction.m */; };
		999414351C7B4EE200C17E68 /* JSAPISamples.m in Sources */ = {isa = PBXBuildFile; fileRef = 999414341C7B4EE200C17E68 /* JSAPISamples.m */; };
		999414371C7B4EE200C17E68 /* EmarsysPredictSDK.framework in Frameworks */ = {isa = PBXBuildFile; fileRef = 58EF9E5B1C5F5C66001967D5 /* EmarsysPredictSDK.framework */; };
		99D360BF1C86E19A00E7C532 /* EmarsysPredictSDKTest.m in Sources */ = {isa = PBXBuildFile; fileRef = 99D360BE1C86E19A00E7C532 /* EmarsysPredictSDKTest.m */; };
		99D360C21C871D1C00E7C532 /* EMResponseParser.m in Sources */ = {isa = PBXBuildFile; fileRef = 99D360C11C871D1C00E7C532 /* EMResponseParser.m */; };
		99ED0C681C9C35600019606B /* EMError.m in Sources */ = {isa = PBXBuildFile; fileRef = 99ED0C671C9C35600019606B /* EMError.m */; };
		99ED0C6A1C9C35C10019606B /* EMError.h in Headers */ = {isa = PBXBuildFile; fileRef = 99ED0C691C9C35C10019606B /* EMError.h */; settings = {ATTRIBUTES = (Public, ); }; };
		99ED0C701C9C510C0019606B /* EMAvailabilityZoneCommand.m in Sources */ = {isa = PBXBuildFile; fileRef = 99ED0C6F1C9C510C0019606B /* EMAvailabilityZoneCommand.m */; };
		C91108A11C8963190011F918 /* EMCartItem.h in Headers */ = {isa = PBXBuildFile; fileRef = 9905DC131C7C941C00FD02C2 /* EMCartItem.h */; settings = {ATTRIBUTES = (Public, ); }; };
		C91108A21C8963190011F918 /* EMRecommendationResult.h in Headers */ = {isa = PBXBuildFile; fileRef = 9905DC141C7C94FE00FD02C2 /* EMRecommendationResult.h */; settings = {ATTRIBUTES = (Public, ); }; };
		C91108A31C8963190011F918 /* EMRecommendationRequest.h in Headers */ = {isa = PBXBuildFile; fileRef = 9905DC151C7C95A600FD02C2 /* EMRecommendationRequest.h */; settings = {ATTRIBUTES = (Public, ); }; };
		C91108A41C8963190011F918 /* EMSession.h in Headers */ = {isa = PBXBuildFile; fileRef = 997E1E481C84275500199C55 /* EMSession.h */; settings = {ATTRIBUTES = (Public, ); }; };
		C91108A51C8963190011F918 /* EMTransaction.h in Headers */ = {isa = PBXBuildFile; fileRef = 997E1E4B1C842A6900199C55 /* EMTransaction.h */; settings = {ATTRIBUTES = (Public, ); }; };
/* End PBXBuildFile section */

/* Begin PBXContainerItemProxy section */
		999414381C7B4EE200C17E68 /* PBXContainerItemProxy */ = {
			isa = PBXContainerItemProxy;
			containerPortal = 58EF9E521C5F5C66001967D5 /* Project object */;
			proxyType = 1;
			remoteGlobalIDString = 58EF9E5A1C5F5C66001967D5;
			remoteInfo = EmarsysPredictSDK;
		};
/* End PBXContainerItemProxy section */

/* Begin PBXCopyFilesBuildPhase section */
		C91108981C8962AE0011F918 /* CopyFiles */ = {
			isa = PBXCopyFilesBuildPhase;
			buildActionMask = 2147483647;
			dstPath = "";
			dstSubfolderSpec = 10;
			files = (
			);
			runOnlyForDeploymentPostprocessing = 0;
		};
/* End PBXCopyFilesBuildPhase section */

/* Begin PBXFileReference section */
		58EF9E5B1C5F5C66001967D5 /* EmarsysPredictSDK.framework */ = {isa = PBXFileReference; explicitFileType = wrapper.framework; includeInIndex = 0; path = EmarsysPredictSDK.framework; sourceTree = BUILT_PRODUCTS_DIR; };
		58EF9E5E1C5F5C66001967D5 /* EmarsysPredictSDK.h */ = {isa = PBXFileReference; lastKnownFileType = sourcecode.c.h; path = EmarsysPredictSDK.h; sourceTree = "<group>"; };
		58EF9E601C5F5C66001967D5 /* Info.plist */ = {isa = PBXFileReference; lastKnownFileType = text.plist.xml; path = Info.plist; sourceTree = "<group>"; };
		9905DC131C7C941C00FD02C2 /* EMCartItem.h */ = {isa = PBXFileReference; lastKnownFileType = sourcecode.c.h; path = EMCartItem.h; sourceTree = "<group>"; };
		9905DC141C7C94FE00FD02C2 /* EMRecommendationResult.h */ = {isa = PBXFileReference; lastKnownFileType = sourcecode.c.h; path = EMRecommendationResult.h; sourceTree = "<group>"; };
		9905DC151C7C95A600FD02C2 /* EMRecommendationRequest.h */ = {isa = PBXFileReference; lastKnownFileType = sourcecode.c.h; path = EMRecommendationRequest.h; sourceTree = "<group>"; };
		990AD0FC1C7DC04C00585731 /* NSString+EmarsysPredictSDKExtensions.h */ = {isa = PBXFileReference; fileEncoding = 4; lastKnownFileType = sourcecode.c.h; path = "NSString+EmarsysPredictSDKExtensions.h"; sourceTree = "<group>"; };
		990AD0FD1C7DC04C00585731 /* NSString+EmarsysPredictSDKExtensions.m */ = {isa = PBXFileReference; fileEncoding = 4; lastKnownFileType = sourcecode.c.objc; path = "NSString+EmarsysPredictSDKExtensions.m"; sourceTree = "<group>"; };
		991EF8071C92F1DB006A143A /* EMCommand.h */ = {isa = PBXFileReference; lastKnownFileType = sourcecode.c.h; path = EMCommand.h; sourceTree = "<group>"; };
		991EF8081C92F245006A143A /* EMCommand.m */ = {isa = PBXFileReference; fileEncoding = 4; lastKnownFileType = sourcecode.c.objc; path = EMCommand.m; sourceTree = "<group>"; };
		991EF80A1C930C48006A143A /* EMExcludeCommand.h */ = {isa = PBXFileReference; lastKnownFileType = sourcecode.c.h; path = EMExcludeCommand.h; sourceTree = "<group>"; };
		991EF80B1C930C88006A143A /* EMIncludeCommand.h */ = {isa = PBXFileReference; lastKnownFileType = sourcecode.c.h; path = EMIncludeCommand.h; sourceTree = "<group>"; };
		991EF80C1C930F15006A143A /* EMExcludeCommand.m */ = {isa = PBXFileReference; fileEncoding = 4; lastKnownFileType = sourcecode.c.objc; path = EMExcludeCommand.m; sourceTree = "<group>"; };
		991EF80E1C930F59006A143A /* EMIncludeCommand.m */ = {isa = PBXFileReference; fileEncoding = 4; lastKnownFileType = sourcecode.c.objc; path = EMIncludeCommand.m; sourceTree = "<group>"; };
		991EF8101C931677006A143A /* EMStringCommand.h */ = {isa = PBXFileReference; lastKnownFileType = sourcecode.c.h; path = EMStringCommand.h; sourceTree = "<group>"; };
		991EF8111C93171B006A143A /* EMKeywordCommand.h */ = {isa = PBXFileReference; lastKnownFileType = sourcecode.c.h; path = EMKeywordCommand.h; sourceTree = "<group>"; };
		991EF8121C931767006A143A /* EMSearchTermCommand.h */ = {isa = PBXFileReference; lastKnownFileType = sourcecode.c.h; path = EMSearchTermCommand.h; sourceTree = "<group>"; };
		991EF8131C9317A6006A143A /* EMStringCommand.m */ = {isa = PBXFileReference; fileEncoding = 4; lastKnownFileType = sourcecode.c.objc; path = EMStringCommand.m; sourceTree = "<group>"; };
		991EF8151C931833006A143A /* EMSearchTermCommand.m */ = {isa = PBXFileReference; fileEncoding = 4; lastKnownFileType = sourcecode.c.objc; path = EMSearchTermCommand.m; sourceTree = "<group>"; };
		991EF8171C9318C2006A143A /* EMKeywordCommand.m */ = {isa = PBXFileReference; fileEncoding = 4; lastKnownFileType = sourcecode.c.objc; path = EMKeywordCommand.m; sourceTree = "<group>"; };
		991EF8191C931948006A143A /* EMCategoryCommand.h */ = {isa = PBXFileReference; lastKnownFileType = sourcecode.c.h; path = EMCategoryCommand.h; sourceTree = "<group>"; };
		991EF81A1C931959006A143A /* EMCategoryCommand.m */ = {isa = PBXFileReference; fileEncoding = 4; lastKnownFileType = sourcecode.c.objc; path = EMCategoryCommand.m; sourceTree = "<group>"; };
		99205E2B1C7AF18E00D3D5CB /* EMCartItem.m */ = {isa = PBXFileReference; fileEncoding = 4; lastKnownFileType = sourcecode.c.objc; path = EMCartItem.m; sourceTree = "<group>"; };
		99205E2D1C7AF24600D3D5CB /* EMRecommendationResult.m */ = {isa = PBXFileReference; fileEncoding = 4; lastKnownFileType = sourcecode.c.objc; path = EMRecommendationResult.m; sourceTree = "<group>"; };
		99205E2F1C7AF2C800D3D5CB /* EMRecommendationRequest.m */ = {isa = PBXFileReference; fileEncoding = 4; lastKnownFileType = sourcecode.c.objc; path = EMRecommendationRequest.m; sourceTree = "<group>"; };
		9924BD731C99601400538921 /* NSArray+EmarsysPredictSDKExtensions.h */ = {isa = PBXFileReference; lastKnownFileType = sourcecode.c.h; path = "NSArray+EmarsysPredictSDKExtensions.h"; sourceTree = "<group>"; };
		9924BD741C9961F600538921 /* NSArray+EmarsysPredictSDKExtensions.m */ = {isa = PBXFileReference; fileEncoding = 4; lastKnownFileType = sourcecode.c.objc; path = "NSArray+EmarsysPredictSDKExtensions.m"; sourceTree = "<group>"; };
		992EBA4D1C9FDA5600D941CE /* EMIdentifierManager.h */ = {isa = PBXFileReference; lastKnownFileType = sourcecode.c.h; path = EMIdentifierManager.h; sourceTree = "<group>"; };
		992EBA4E1C9FDA6400D941CE /* EMIdentifierManager.m */ = {isa = PBXFileReference; fileEncoding = 4; lastKnownFileType = sourcecode.c.objc; path = EMIdentifierManager.m; sourceTree = "<group>"; };
		994496AA1C8D6B4F00F68FB9 /* EMQueryParams.h */ = {isa = PBXFileReference; lastKnownFileType = sourcecode.c.h; path = EMQueryParams.h; sourceTree = "<group>"; };
		994496AB1C8D6B5A00F68FB9 /* EMQueryParams.m */ = {isa = PBXFileReference; fileEncoding = 4; lastKnownFileType = sourcecode.c.objc; path = EMQueryParams.m; sourceTree = "<group>"; };
		994496AD1C8D6C2000F68FB9 /* EMCartCommand.h */ = {isa = PBXFileReference; lastKnownFileType = sourcecode.c.h; path = EMCartCommand.h; sourceTree = "<group>"; };
		994496AE1C8D6C2C00F68FB9 /* EMCartCommand.m */ = {isa = PBXFileReference; fileEncoding = 4; lastKnownFileType = sourcecode.c.objc; path = EMCartCommand.m; sourceTree = "<group>"; };
		994496B01C8D6C3700F68FB9 /* EMPurchaseCommand.h */ = {isa = PBXFileReference; lastKnownFileType = sourcecode.c.h; path = EMPurchaseCommand.h; sourceTree = "<group>"; };
		994496B11C8D6C4200F68FB9 /* EMPurchaseCommand.m */ = {isa = PBXFileReference; fileEncoding = 4; lastKnownFileType = sourcecode.c.objc; path = EMPurchaseCommand.m; sourceTree = "<group>"; };
		994496B31C8D6E5E00F68FB9 /* EMErrorParameter.h */ = {isa = PBXFileReference; lastKnownFileType = sourcecode.c.h; path = EMErrorParameter.h; sourceTree = "<group>"; };
		994496B41C8D6E6900F68FB9 /* EMErrorParameter.m */ = {isa = PBXFileReference; fileEncoding = 4; lastKnownFileType = sourcecode.c.objc; path = EMErrorParameter.m; sourceTree = "<group>"; };
		994496BC1C8DC2E400F68FB9 /* EMFilter.h */ = {isa = PBXFileReference; lastKnownFileType = sourcecode.c.h; path = EMFilter.h; sourceTree = "<group>"; };
		994496BD1C8DC2FF00F68FB9 /* EMFilter.m */ = {isa = PBXFileReference; fileEncoding = 4; lastKnownFileType = sourcecode.c.objc; path = EMFilter.m; sourceTree = "<group>"; };
		994496BF1C8DC9C500F68FB9 /* EMRecommendationRequest+EmarsysPredictSDKExtensions.h */ = {isa = PBXFileReference; lastKnownFileType = sourcecode.c.h; path = "EMRecommendationRequest+EmarsysPredictSDKExtensions.h"; sourceTree = "<group>"; };
		99487D1C1C8888980094B21F /* EMLogger.h */ = {isa = PBXFileReference; lastKnownFileType = sourcecode.c.h; path = EMLogger.h; sourceTree = "<group>"; };
		99590B0C1C900201008D395C /* EMRecommendationItem.h */ = {isa = PBXFileReference; lastKnownFileType = sourcecode.c.h; path = EMRecommendationItem.h; sourceTree = "<group>"; };
		99590B0D1C900210008D395C /* EMRecommendationItem.m */ = {isa = PBXFileReference; fileEncoding = 4; lastKnownFileType = sourcecode.c.objc; path = EMRecommendationItem.m; sourceTree = "<group>"; };
		99590B131C9010C4008D395C /* EMViewCommand.h */ = {isa = PBXFileReference; lastKnownFileType = sourcecode.c.h; path = EMViewCommand.h; sourceTree = "<group>"; };
		99590B141C9010D1008D395C /* EMViewCommand.m */ = {isa = PBXFileReference; fileEncoding = 4; lastKnownFileType = sourcecode.c.objc; path = EMViewCommand.m; sourceTree = "<group>"; };
		996017161C9A9CA00043F9A2 /* EMRecommendCommand.h */ = {isa = PBXFileReference; lastKnownFileType = sourcecode.c.h; path = EMRecommendCommand.h; sourceTree = "<group>"; };
		996017171C9A9CAD0043F9A2 /* EMRecommendCommand.m */ = {isa = PBXFileReference; fileEncoding = 4; lastKnownFileType = sourcecode.c.objc; path = EMRecommendCommand.m; sourceTree = "<group>"; };
		997E1E481C84275500199C55 /* EMSession.h */ = {isa = PBXFileReference; lastKnownFileType = sourcecode.c.h; path = EMSession.h; sourceTree = "<group>"; };
		997E1E491C84285500199C55 /* EMSession.m */ = {isa = PBXFileReference; fileEncoding = 4; lastKnownFileType = sourcecode.c.objc; path = EMSession.m; sourceTree = "<group>"; };
		997E1E4B1C842A6900199C55 /* EMTransaction.h */ = {isa = PBXFileReference; lastKnownFileType = sourcecode.c.h; path = EMTransaction.h; sourceTree = "<group>"; };
		997E1E4C1C842A7800199C55 /* EMTransaction.m */ = {isa = PBXFileReference; fileEncoding = 4; lastKnownFileType = sourcecode.c.objc; path = EMTransaction.m; sourceTree = "<group>"; };
		999414321C7B4EE200C17E68 /* EmarsysPredictSDK.xctest */ = {isa = PBXFileReference; explicitFileType = wrapper.cfbundle; includeInIndex = 0; path = EmarsysPredictSDK.xctest; sourceTree = BUILT_PRODUCTS_DIR; };
		999414341C7B4EE200C17E68 /* JSAPISamples.m */ = {isa = PBXFileReference; lastKnownFileType = sourcecode.c.objc; path = JSAPISamples.m; sourceTree = "<group>"; };
		999414361C7B4EE200C17E68 /* Info.plist */ = {isa = PBXFileReference; lastKnownFileType = text.plist.xml; path = Info.plist; sourceTree = "<group>"; };
		9994500D1C9069470046F784 /* EMRecommendationResult+EmarsysPredictSDKExtensions.h */ = {isa = PBXFileReference; lastKnownFileType = sourcecode.c.h; path = "EMRecommendationResult+EmarsysPredictSDKExtensions.h"; sourceTree = "<group>"; };
		9994500E1C906C620046F784 /* EMRecommendationItem+EmarsysPredictSDKExtensions.h */ = {isa = PBXFileReference; lastKnownFileType = sourcecode.c.h; path = "EMRecommendationItem+EmarsysPredictSDKExtensions.h"; sourceTree = "<group>"; };
		999F7F411CA3CC460076C2D2 /* EMSession+EmarsysPredictSDKExtensions.h */ = {isa = PBXFileReference; lastKnownFileType = sourcecode.c.h; path = "EMSession+EmarsysPredictSDKExtensions.h"; sourceTree = "<group>"; };
		99D360BD1C86E09200E7C532 /* EMTransaction+EmarsysPredictSDKExtensions.h */ = {isa = PBXFileReference; lastKnownFileType = sourcecode.c.h; path = "EMTransaction+EmarsysPredictSDKExtensions.h"; sourceTree = "<group>"; };
		99D360BE1C86E19A00E7C532 /* EmarsysPredictSDKTest.m */ = {isa = PBXFileReference; fileEncoding = 4; lastKnownFileType = sourcecode.c.objc; path = EmarsysPredictSDKTest.m; sourceTree = "<group>"; };
		99D360C01C871D0800E7C532 /* EMResponseParser.h */ = {isa = PBXFileReference; lastKnownFileType = sourcecode.c.h; path = EMResponseParser.h; sourceTree = "<group>"; };
		99D360C11C871D1C00E7C532 /* EMResponseParser.m */ = {isa = PBXFileReference; fileEncoding = 4; lastKnownFileType = sourcecode.c.objc; path = EMResponseParser.m; sourceTree = "<group>"; };
		99ED0C671C9C35600019606B /* EMError.m */ = {isa = PBXFileReference; fileEncoding = 4; lastKnownFileType = sourcecode.c.objc; path = EMError.m; sourceTree = "<group>"; };
		99ED0C691C9C35C10019606B /* EMError.h */ = {isa = PBXFileReference; fileEncoding = 4; lastKnownFileType = sourcecode.c.h; path = EMError.h; sourceTree = "<group>"; };
		99ED0C6E1C9C51030019606B /* EMAvailabilityZoneCommand.h */ = {isa = PBXFileReference; lastKnownFileType = sourcecode.c.h; path = EMAvailabilityZoneCommand.h; sourceTree = "<group>"; };
		99ED0C6F1C9C510C0019606B /* EMAvailabilityZoneCommand.m */ = {isa = PBXFileReference; fileEncoding = 4; lastKnownFileType = sourcecode.c.objc; path = EMAvailabilityZoneCommand.m; sourceTree = "<group>"; };
/* End PBXFileReference section */

/* Begin PBXFrameworksBuildPhase section */
		58EF9E571C5F5C66001967D5 /* Frameworks */ = {
			isa = PBXFrameworksBuildPhase;
			buildActionMask = 2147483647;
			files = (
			);
			runOnlyForDeploymentPostprocessing = 0;
		};
		9994142F1C7B4EE200C17E68 /* Frameworks */ = {
			isa = PBXFrameworksBuildPhase;
			buildActionMask = 2147483647;
			files = (
				999414371C7B4EE200C17E68 /* EmarsysPredictSDK.framework in Frameworks */,
			);
			runOnlyForDeploymentPostprocessing = 0;
		};
/* End PBXFrameworksBuildPhase section */

/* Begin PBXGroup section */
		58EF9E511C5F5C66001967D5 = {
			isa = PBXGroup;
			children = (
				58EF9E5D1C5F5C66001967D5 /* EmarsysPredictSDK */,
				999414331C7B4EE200C17E68 /* EmarsysPredictSDKTests */,
				58EF9E5C1C5F5C66001967D5 /* Products */,
			);
			sourceTree = "<group>";
		};
		58EF9E5C1C5F5C66001967D5 /* Products */ = {
			isa = PBXGroup;
			children = (
				58EF9E5B1C5F5C66001967D5 /* EmarsysPredictSDK.framework */,
				999414321C7B4EE200C17E68 /* EmarsysPredictSDK.xctest */,
			);
			name = Products;
			sourceTree = "<group>";
		};
		58EF9E5D1C5F5C66001967D5 /* EmarsysPredictSDK */ = {
			isa = PBXGroup;
			children = (
				991EF8041C92E394006A143A /* Private */,
				58EF9E5E1C5F5C66001967D5 /* EmarsysPredictSDK.h */,
				58EF9E601C5F5C66001967D5 /* Info.plist */,
				9905DC131C7C941C00FD02C2 /* EMCartItem.h */,
				99205E2B1C7AF18E00D3D5CB /* EMCartItem.m */,
				99590B0C1C900201008D395C /* EMRecommendationItem.h */,
				99590B0D1C900210008D395C /* EMRecommendationItem.m */,
				9905DC141C7C94FE00FD02C2 /* EMRecommendationResult.h */,
				99205E2D1C7AF24600D3D5CB /* EMRecommendationResult.m */,
				9905DC151C7C95A600FD02C2 /* EMRecommendationRequest.h */,
				99205E2F1C7AF2C800D3D5CB /* EMRecommendationRequest.m */,
				997E1E481C84275500199C55 /* EMSession.h */,
				997E1E491C84285500199C55 /* EMSession.m */,
				997E1E4B1C842A6900199C55 /* EMTransaction.h */,
				997E1E4C1C842A7800199C55 /* EMTransaction.m */,
				99ED0C691C9C35C10019606B /* EMError.h */,
				99ED0C671C9C35600019606B /* EMError.m */,
			);
			path = EmarsysPredictSDK;
			sourceTree = "<group>";
		};
		991EF8041C92E394006A143A /* Private */ = {
			isa = PBXGroup;
			children = (
				990AD0FC1C7DC04C00585731 /* NSString+EmarsysPredictSDKExtensions.h */,
				990AD0FD1C7DC04C00585731 /* NSString+EmarsysPredictSDKExtensions.m */,
				9924BD731C99601400538921 /* NSArray+EmarsysPredictSDKExtensions.h */,
				9924BD741C9961F600538921 /* NSArray+EmarsysPredictSDKExtensions.m */,
				9994500E1C906C620046F784 /* EMRecommendationItem+EmarsysPredictSDKExtensions.h */,
				9994500D1C9069470046F784 /* EMRecommendationResult+EmarsysPredictSDKExtensions.h */,
				994496BF1C8DC9C500F68FB9 /* EMRecommendationRequest+EmarsysPredictSDKExtensions.h */,
				99D360BD1C86E09200E7C532 /* EMTransaction+EmarsysPredictSDKExtensions.h */,
				999F7F411CA3CC460076C2D2 /* EMSession+EmarsysPredictSDKExtensions.h */,
				99D360C01C871D0800E7C532 /* EMResponseParser.h */,
				99D360C11C871D1C00E7C532 /* EMResponseParser.m */,
				99487D1C1C8888980094B21F /* EMLogger.h */,
				994496AA1C8D6B4F00F68FB9 /* EMQueryParams.h */,
				994496AB1C8D6B5A00F68FB9 /* EMQueryParams.m */,
				994496B31C8D6E5E00F68FB9 /* EMErrorParameter.h */,
				994496B41C8D6E6900F68FB9 /* EMErrorParameter.m */,
				991EF8071C92F1DB006A143A /* EMCommand.h */,
				991EF8081C92F245006A143A /* EMCommand.m */,
				994496AD1C8D6C2000F68FB9 /* EMCartCommand.h */,
				994496AE1C8D6C2C00F68FB9 /* EMCartCommand.m */,
				994496BC1C8DC2E400F68FB9 /* EMFilter.h */,
				994496BD1C8DC2FF00F68FB9 /* EMFilter.m */,
				991EF80A1C930C48006A143A /* EMExcludeCommand.h */,
				991EF80C1C930F15006A143A /* EMExcludeCommand.m */,
				991EF80B1C930C88006A143A /* EMIncludeCommand.h */,
				991EF80E1C930F59006A143A /* EMIncludeCommand.m */,
				991EF8101C931677006A143A /* EMStringCommand.h */,
				991EF8131C9317A6006A143A /* EMStringCommand.m */,
				991EF8191C931948006A143A /* EMCategoryCommand.h */,
				991EF81A1C931959006A143A /* EMCategoryCommand.m */,
				991EF8111C93171B006A143A /* EMKeywordCommand.h */,
				991EF8171C9318C2006A143A /* EMKeywordCommand.m */,
				994496B01C8D6C3700F68FB9 /* EMPurchaseCommand.h */,
				994496B11C8D6C4200F68FB9 /* EMPurchaseCommand.m */,
				991EF8121C931767006A143A /* EMSearchTermCommand.h */,
				991EF8151C931833006A143A /* EMSearchTermCommand.m */,
				99590B131C9010C4008D395C /* EMViewCommand.h */,
				99590B141C9010D1008D395C /* EMViewCommand.m */,
				996017161C9A9CA00043F9A2 /* EMRecommendCommand.h */,
				996017171C9A9CAD0043F9A2 /* EMRecommendCommand.m */,
				99ED0C6E1C9C51030019606B /* EMAvailabilityZoneCommand.h */,
				99ED0C6F1C9C510C0019606B /* EMAvailabilityZoneCommand.m */,
				992EBA4D1C9FDA5600D941CE /* EMIdentifierManager.h */,
				992EBA4E1C9FDA6400D941CE /* EMIdentifierManager.m */,
			);
			name = Private;
			sourceTree = "<group>";
		};
		999414331C7B4EE200C17E68 /* EmarsysPredictSDKTests */ = {
			isa = PBXGroup;
			children = (
				999414341C7B4EE200C17E68 /* JSAPISamples.m */,
				999414361C7B4EE200C17E68 /* Info.plist */,
				99D360BE1C86E19A00E7C532 /* EmarsysPredictSDKTest.m */,
			);
			path = EmarsysPredictSDKTests;
			sourceTree = "<group>";
		};
/* End PBXGroup section */

/* Begin PBXHeadersBuildPhase section */
		58EF9E581C5F5C66001967D5 /* Headers */ = {
			isa = PBXHeadersBuildPhase;
			buildActionMask = 2147483647;
			files = (
				C91108A11C8963190011F918 /* EMCartItem.h in Headers */,
				99ED0C6A1C9C35C10019606B /* EMError.h in Headers */,
				C91108A21C8963190011F918 /* EMRecommendationResult.h in Headers */,
				C91108A31C8963190011F918 /* EMRecommendationRequest.h in Headers */,
				C91108A41C8963190011F918 /* EMSession.h in Headers */,
				99590B0F1C900B8D008D395C /* EMRecommendationItem.h in Headers */,
				C91108A51C8963190011F918 /* EMTransaction.h in Headers */,
				58EF9E5F1C5F5C66001967D5 /* EmarsysPredictSDK.h in Headers */,
			);
			runOnlyForDeploymentPostprocessing = 0;
		};
/* End PBXHeadersBuildPhase section */

/* Begin PBXNativeTarget section */
		58EF9E5A1C5F5C66001967D5 /* EmarsysPredictSDK */ = {
			isa = PBXNativeTarget;
			buildConfigurationList = 58EF9E631C5F5C66001967D5 /* Build configuration list for PBXNativeTarget "EmarsysPredictSDK" */;
			buildPhases = (
				58EF9E561C5F5C66001967D5 /* Sources */,
				58EF9E571C5F5C66001967D5 /* Frameworks */,
				58EF9E581C5F5C66001967D5 /* Headers */,
				58EF9E591C5F5C66001967D5 /* Resources */,
				C91108981C8962AE0011F918 /* CopyFiles */,
			);
			buildRules = (
			);
			dependencies = (
			);
			name = EmarsysPredictSDK;
			productName = EmarsysPredictSDK;
			productReference = 58EF9E5B1C5F5C66001967D5 /* EmarsysPredictSDK.framework */;
			productType = "com.apple.product-type.framework";
		};
		999414311C7B4EE200C17E68 /* EmarsysPredictSDKTests */ = {
			isa = PBXNativeTarget;
			buildConfigurationList = 9994143A1C7B4EE200C17E68 /* Build configuration list for PBXNativeTarget "EmarsysPredictSDKTests" */;
			buildPhases = (
				9994142E1C7B4EE200C17E68 /* Sources */,
				9994142F1C7B4EE200C17E68 /* Frameworks */,
				999414301C7B4EE200C17E68 /* Resources */,
			);
			buildRules = (
			);
			dependencies = (
				999414391C7B4EE200C17E68 /* PBXTargetDependency */,
			);
			name = EmarsysPredictSDKTests;
			productName = EmarsysPredictSDKTests;
			productReference = 999414321C7B4EE200C17E68 /* EmarsysPredictSDK.xctest */;
			productType = "com.apple.product-type.bundle.unit-test";
		};
/* End PBXNativeTarget section */

/* Begin PBXProject section */
		58EF9E521C5F5C66001967D5 /* Project object */ = {
			isa = PBXProject;
			attributes = {
				LastUpgradeCheck = 0720;
				ORGANIZATIONNAME = "";
				TargetAttributes = {
					58EF9E5A1C5F5C66001967D5 = {
						CreatedOnToolsVersion = 7.2;
					};
					999414311C7B4EE200C17E68 = {
						CreatedOnToolsVersion = 7.2.1;
					};
				};
			};
			buildConfigurationList = 58EF9E551C5F5C66001967D5 /* Build configuration list for PBXProject "EmarsysPredictSDK" */;
			compatibilityVersion = "Xcode 3.2";
			developmentRegion = English;
			hasScannedForEncodings = 0;
			knownRegions = (
				en,
			);
			mainGroup = 58EF9E511C5F5C66001967D5;
			productRefGroup = 58EF9E5C1C5F5C66001967D5 /* Products */;
			projectDirPath = "";
			projectRoot = "";
			targets = (
				58EF9E5A1C5F5C66001967D5 /* EmarsysPredictSDK */,
				999414311C7B4EE200C17E68 /* EmarsysPredictSDKTests */,
			);
		};
/* End PBXProject section */

/* Begin PBXResourcesBuildPhase section */
		58EF9E591C5F5C66001967D5 /* Resources */ = {
			isa = PBXResourcesBuildPhase;
			buildActionMask = 2147483647;
			files = (
			);
			runOnlyForDeploymentPostprocessing = 0;
		};
		999414301C7B4EE200C17E68 /* Resources */ = {
			isa = PBXResourcesBuildPhase;
			buildActionMask = 2147483647;
			files = (
			);
			runOnlyForDeploymentPostprocessing = 0;
		};
/* End PBXResourcesBuildPhase section */

/* Begin PBXSourcesBuildPhase section */
		58EF9E561C5F5C66001967D5 /* Sources */ = {
			isa = PBXSourcesBuildPhase;
			buildActionMask = 2147483647;
			files = (
				992EBA4F1C9FDA6400D941CE /* EMIdentifierManager.m in Sources */,
				99205E2E1C7AF24600D3D5CB /* EMRecommendationResult.m in Sources */,
				994496BE1C8DC2FF00F68FB9 /* EMFilter.m in Sources */,
				99D360C21C871D1C00E7C532 /* EMResponseParser.m in Sources */,
				994496AC1C8D6B5A00F68FB9 /* EMQueryParams.m in Sources */,
				991EF80D1C930F15006A143A /* EMExcludeCommand.m in Sources */,
				991EF8091C92F245006A143A /* EMCommand.m in Sources */,
				996017181C9A9CAD0043F9A2 /* EMRecommendCommand.m in Sources */,
				99590B0E1C900210008D395C /* EMRecommendationItem.m in Sources */,
				991EF8181C9318C2006A143A /* EMKeywordCommand.m in Sources */,
				99205E2C1C7AF18E00D3D5CB /* EMCartItem.m in Sources */,
				991EF80F1C930F59006A143A /* EMIncludeCommand.m in Sources */,
				991EF81B1C931959006A143A /* EMCategoryCommand.m in Sources */,
				994496AF1C8D6C2C00F68FB9 /* EMCartCommand.m in Sources */,
				9924BD751C9961F600538921 /* NSArray+EmarsysPredictSDKExtensions.m in Sources */,
				991EF8161C931833006A143A /* EMSearchTermCommand.m in Sources */,
				99ED0C701C9C510C0019606B /* EMAvailabilityZoneCommand.m in Sources */,
				991EF8141C9317A6006A143A /* EMStringCommand.m in Sources */,
				99ED0C681C9C35600019606B /* EMError.m in Sources */,
				990AD0FF1C7DC04C00585731 /* NSString+EmarsysPredictSDKExtensions.m in Sources */,
				994496B21C8D6C4200F68FB9 /* EMPurchaseCommand.m in Sources */,
				99205E301C7AF2C800D3D5CB /* EMRecommendationRequest.m in Sources */,
				994496B51C8D6E6900F68FB9 /* EMErrorParameter.m in Sources */,
				997E1E4A1C84285500199C55 /* EMSession.m in Sources */,
				99590B151C9010D1008D395C /* EMViewCommand.m in Sources */,
				997E1E4D1C842A7800199C55 /* EMTransaction.m in Sources */,
			);
			runOnlyForDeploymentPostprocessing = 0;
		};
		9994142E1C7B4EE200C17E68 /* Sources */ = {
			isa = PBXSourcesBuildPhase;
			buildActionMask = 2147483647;
			files = (
				999414351C7B4EE200C17E68 /* JSAPISamples.m in Sources */,
				99D360BF1C86E19A00E7C532 /* EmarsysPredictSDKTest.m in Sources */,
			);
			runOnlyForDeploymentPostprocessing = 0;
		};
/* End PBXSourcesBuildPhase section */

/* Begin PBXTargetDependency section */
		999414391C7B4EE200C17E68 /* PBXTargetDependency */ = {
			isa = PBXTargetDependency;
			target = 58EF9E5A1C5F5C66001967D5 /* EmarsysPredictSDK */;
			targetProxy = 999414381C7B4EE200C17E68 /* PBXContainerItemProxy */;
		};
/* End PBXTargetDependency section */

/* Begin XCBuildConfiguration section */
		58EF9E611C5F5C66001967D5 /* Debug */ = {
			isa = XCBuildConfiguration;
			buildSettings = {
				ALWAYS_SEARCH_USER_PATHS = NO;
				CLANG_CXX_LANGUAGE_STANDARD = "gnu++0x";
				CLANG_CXX_LIBRARY = "libc++";
				CLANG_ENABLE_MODULES = YES;
				CLANG_ENABLE_OBJC_ARC = YES;
				CLANG_WARN_BOOL_CONVERSION = YES;
				CLANG_WARN_CONSTANT_CONVERSION = YES;
				CLANG_WARN_DIRECT_OBJC_ISA_USAGE = YES_ERROR;
				CLANG_WARN_EMPTY_BODY = YES;
				CLANG_WARN_ENUM_CONVERSION = YES;
				CLANG_WARN_INT_CONVERSION = YES;
				CLANG_WARN_OBJC_ROOT_CLASS = YES_ERROR;
				CLANG_WARN_UNREACHABLE_CODE = YES;
				CLANG_WARN__DUPLICATE_METHOD_MATCH = YES;
				"CODE_SIGN_IDENTITY[sdk=iphoneos*]" = "iPhone Developer";
				COPY_PHASE_STRIP = NO;
				CURRENT_PROJECT_VERSION = 1;
				DEBUG_INFORMATION_FORMAT = dwarf;
				ENABLE_STRICT_OBJC_MSGSEND = YES;
				ENABLE_TESTABILITY = YES;
				GCC_C_LANGUAGE_STANDARD = gnu99;
				GCC_DYNAMIC_NO_PIC = NO;
				GCC_NO_COMMON_BLOCKS = YES;
				GCC_OPTIMIZATION_LEVEL = 0;
				GCC_PREPROCESSOR_DEFINITIONS = (
					"DEBUG=1",
					"$(inherited)",
				);
				GCC_WARN_64_TO_32_BIT_CONVERSION = YES;
				GCC_WARN_ABOUT_RETURN_TYPE = YES_ERROR;
				GCC_WARN_UNDECLARED_SELECTOR = YES;
				GCC_WARN_UNINITIALIZED_AUTOS = YES_AGGRESSIVE;
				GCC_WARN_UNUSED_FUNCTION = YES;
				GCC_WARN_UNUSED_VARIABLE = YES;
				IPHONEOS_DEPLOYMENT_TARGET = 8.4;
				MTL_ENABLE_DEBUG_INFO = YES;
				ONLY_ACTIVE_ARCH = YES;
				SDKROOT = iphoneos;
				TARGETED_DEVICE_FAMILY = "1,2";
				VERSIONING_SYSTEM = "apple-generic";
				VERSION_INFO_PREFIX = "";
			};
			name = Debug;
		};
		58EF9E621C5F5C66001967D5 /* Release */ = {
			isa = XCBuildConfiguration;
			buildSettings = {
				ALWAYS_SEARCH_USER_PATHS = NO;
				CLANG_CXX_LANGUAGE_STANDARD = "gnu++0x";
				CLANG_CXX_LIBRARY = "libc++";
				CLANG_ENABLE_MODULES = YES;
				CLANG_ENABLE_OBJC_ARC = YES;
				CLANG_WARN_BOOL_CONVERSION = YES;
				CLANG_WARN_CONSTANT_CONVERSION = YES;
				CLANG_WARN_DIRECT_OBJC_ISA_USAGE = YES_ERROR;
				CLANG_WARN_EMPTY_BODY = YES;
				CLANG_WARN_ENUM_CONVERSION = YES;
				CLANG_WARN_INT_CONVERSION = YES;
				CLANG_WARN_OBJC_ROOT_CLASS = YES_ERROR;
				CLANG_WARN_UNREACHABLE_CODE = YES;
				CLANG_WARN__DUPLICATE_METHOD_MATCH = YES;
				"CODE_SIGN_IDENTITY[sdk=iphoneos*]" = "iPhone Developer";
				COPY_PHASE_STRIP = NO;
				CURRENT_PROJECT_VERSION = 1;
				DEBUG_INFORMATION_FORMAT = "dwarf-with-dsym";
				ENABLE_NS_ASSERTIONS = NO;
				ENABLE_STRICT_OBJC_MSGSEND = YES;
				GCC_C_LANGUAGE_STANDARD = gnu99;
				GCC_NO_COMMON_BLOCKS = YES;
				GCC_WARN_64_TO_32_BIT_CONVERSION = YES;
				GCC_WARN_ABOUT_RETURN_TYPE = YES_ERROR;
				GCC_WARN_UNDECLARED_SELECTOR = YES;
				GCC_WARN_UNINITIALIZED_AUTOS = YES_AGGRESSIVE;
				GCC_WARN_UNUSED_FUNCTION = YES;
				GCC_WARN_UNUSED_VARIABLE = YES;
				IPHONEOS_DEPLOYMENT_TARGET = 8.4;
				MTL_ENABLE_DEBUG_INFO = NO;
				SDKROOT = iphoneos;
				TARGETED_DEVICE_FAMILY = "1,2";
				VALIDATE_PRODUCT = YES;
				VERSIONING_SYSTEM = "apple-generic";
				VERSION_INFO_PREFIX = "";
			};
			name = Release;
		};
		58EF9E641C5F5C66001967D5 /* Debug */ = {
			isa = XCBuildConfiguration;
			buildSettings = {
				CLANG_ANALYZER_NONNULL = YES;
				CLANG_WARN_DOCUMENTATION_COMMENTS = YES;
				CLANG_WARN_NULLABLE_TO_NONNULL_CONVERSION = YES;
				CLANG_WARN_OBJC_EXPLICIT_OWNERSHIP_TYPE = YES;
				CLANG_WARN_OBJC_REPEATED_USE_OF_WEAK = YES;
				CODE_SIGNING_REQUIRED = NO;
				"CODE_SIGN_IDENTITY[sdk=iphoneos*]" = "";
				DEFINES_MODULE = YES;
				DYLIB_COMPATIBILITY_VERSION = 1;
				DYLIB_CURRENT_VERSION = 1;
				DYLIB_INSTALL_NAME_BASE = "@rpath";
				INFOPLIST_FILE = EmarsysPredictSDK/Info.plist;
				INSTALL_PATH = "$(LOCAL_LIBRARY_DIR)/Frameworks";
				LD_RUNPATH_SEARCH_PATHS = "$(inherited) @executable_path/Frameworks @loader_path/Frameworks";
				MODULEMAP_FILE = EmarsysPredictSDK/module.modulemap;
				PRODUCT_BUNDLE_IDENTIFIER = com.emarsys.EmarsysPredictSDK;
				PRODUCT_NAME = EmarsysPredictSDK;
				SKIP_INSTALL = YES;
			};
			name = Debug;
		};
		58EF9E651C5F5C66001967D5 /* Release */ = {
			isa = XCBuildConfiguration;
			buildSettings = {
				CLANG_ANALYZER_NONNULL = YES;
				CLANG_WARN_DOCUMENTATION_COMMENTS = YES;
				CLANG_WARN_NULLABLE_TO_NONNULL_CONVERSION = YES;
				CLANG_WARN_OBJC_EXPLICIT_OWNERSHIP_TYPE = YES;
				CLANG_WARN_OBJC_REPEATED_USE_OF_WEAK = YES;
				CODE_SIGNING_REQUIRED = NO;
				"CODE_SIGN_IDENTITY[sdk=iphoneos*]" = "";
				DEFINES_MODULE = YES;
				DYLIB_COMPATIBILITY_VERSION = 1;
				DYLIB_CURRENT_VERSION = 1;
				DYLIB_INSTALL_NAME_BASE = "@rpath";
				INFOPLIST_FILE = EmarsysPredictSDK/Info.plist;
				INSTALL_PATH = "$(LOCAL_LIBRARY_DIR)/Frameworks";
				LD_RUNPATH_SEARCH_PATHS = "$(inherited) @executable_path/Frameworks @loader_path/Frameworks";
				MODULEMAP_FILE = EmarsysPredictSDK/module.modulemap;
				"OTHER_CFLAGS[sdk=iphoneos*]" = "-fembed-bitcode";
				"OTHER_LDFLAGS[sdk=iphoneos*]" = "-fembed-bitcode";
				PRODUCT_BUNDLE_IDENTIFIER = com.emarsys.EmarsysPredictSDK;
				PRODUCT_NAME = EmarsysPredictSDK;
				SKIP_INSTALL = YES;
			};
			name = Release;
		};
		9994143B1C7B4EE200C17E68 /* Debug */ = {
			isa = XCBuildConfiguration;
			buildSettings = {
				INFOPLIST_FILE = EmarsysPredictSDKTests/Info.plist;
				LD_RUNPATH_SEARCH_PATHS = "$(inherited) @executable_path/Frameworks @loader_path/Frameworks";
				PRODUCT_BUNDLE_IDENTIFIER = com.emarsys.EmarsysPredictSDKTests;
				PRODUCT_NAME = EmarsysPredictSDK;
			};
			name = Debug;
		};
		9994143C1C7B4EE200C17E68 /* Release */ = {
			isa = XCBuildConfiguration;
			buildSettings = {
				INFOPLIST_FILE = EmarsysPredictSDKTests/Info.plist;
				LD_RUNPATH_SEARCH_PATHS = "$(inherited) @executable_path/Frameworks @loader_path/Frameworks";
				PRODUCT_BUNDLE_IDENTIFIER = com.emarsys.EmarsysPredictSDKTests;
				PRODUCT_NAME = EmarsysPredictSDK;
			};
			name = Release;
		};
/* End XCBuildConfiguration section */

/* Begin XCConfigurationList section */
		58EF9E551C5F5C66001967D5 /* Build configuration list for PBXProject "EmarsysPredictSDK" */ = {
			isa = XCConfigurationList;
			buildConfigurations = (
				58EF9E611C5F5C66001967D5 /* Debug */,
				58EF9E621C5F5C66001967D5 /* Release */,
			);
			defaultConfigurationIsVisible = 0;
			defaultConfigurationName = Release;
		};
		58EF9E631C5F5C66001967D5 /* Build configuration list for PBXNativeTarget "EmarsysPredictSDK" */ = {
			isa = XCConfigurationList;
			buildConfigurations = (
				58EF9E641C5F5C66001967D5 /* Debug */,
				58EF9E651C5F5C66001967D5 /* Release */,
			);
			defaultConfigurationIsVisible = 0;
			defaultConfigurationName = Release;
		};
		9994143A1C7B4EE200C17E68 /* Build configuration list for PBXNativeTarget "EmarsysPredictSDKTests" */ = {
			isa = XCConfigurationList;
			buildConfigurations = (
				9994143B1C7B4EE200C17E68 /* Debug */,
				9994143C1C7B4EE200C17E68 /* Release */,
			);
			defaultConfigurationIsVisible = 0;
			defaultConfigurationName = Release;
		};
/* End XCConfigurationList section */
	};
	rootObject = 58EF9E521C5F5C66001967D5 /* Project object */;
}
